
Microsoft Visual Studio Solution File, Format Version 12.00
# Visual Studio 15
VisualStudioVersion = 15.0.28010.2016
MinimumVisualStudioVersion = 10.0.40219.1
Project("{FAE04EC0-301F-11D3-BF4B-00C04F79EFBC}") = "DatingApp.API", "DatingApp.API\DatingApp.API.csproj", "{FFED41CA-2C8F-4BA8-945B-BFC90FFD155A}"
EndProject
Global
	GlobalSection(SolutionConfigurationPlatforms) = preSolution
		Debug|Any CPU = Debug|Any CPU
		Release|Any CPU = Release|Any CPU
	EndGlobalSection
	GlobalSection(ProjectConfigurationPlatforms) = postSolution
		{FFED41CA-2C8F-4BA8-945B-BFC90FFD155A}.Debug|Any CPU.ActiveCfg = Debug|Any CPU
		{FFED41CA-2C8F-4BA8-945B-BFC90FFD155A}.Debug|Any CPU.Build.0 = Debug|Any CPU
		{FFED41CA-2C8F-4BA8-945B-BFC90FFD155A}.Release|Any CPU.ActiveCfg = Release|Any CPU
		{FFED41CA-2C8F-4BA8-945B-BFC90FFD155A}.Release|Any CPU.Build.0 = Release|Any CPU
	EndGlobalSection
	GlobalSection(SolutionProperties) = preSolution
		HideSolutionNode = FALSE
	EndGlobalSection
	GlobalSection(ExtensibilityGlobals) = postSolution
		SolutionGuid = {13CB67E3-CFF4-45C5-8EC4-B5A7F93FAA22}
	EndGlobalSection
EndGlobal
